
Microsoft Visual Studio Solution File, Format Version 12.00
# Visual Studio Version 16
VisualStudioVersion = 16.0.31025.194
MinimumVisualStudioVersion = 10.0.40219.1
Project("{9A19103F-16F7-4668-BE54-9A1E7A4F7556}") = "CommentsWebApi", "CommentsWebApi\CommentsWebApi.csproj", "{88050C3E-E645-4A09-A4E9-D404F79F7CF2}"
EndProject
Project("{9A19103F-16F7-4668-BE54-9A1E7A4F7556}") = "DAL", "DAL\DAL.csproj", "{ADD44AA5-A662-4D69-9B22-1DA4F176D2EF}"
EndProject
Project("{FAE04EC0-301F-11D3-BF4B-00C04F79EFBC}") = "BLL", "BLL\BLL.csproj", "{E65CAC31-FE21-4D8C-BF50-A1F7EE0CBB08}"
EndProject
Global
	GlobalSection(SolutionConfigurationPlatforms) = preSolution
		Debug|Any CPU = Debug|Any CPU
		Release|Any CPU = Release|Any CPU
	EndGlobalSection
	GlobalSection(ProjectConfigurationPlatforms) = postSolution
		{88050C3E-E645-4A09-A4E9-D404F79F7CF2}.Debug|Any CPU.ActiveCfg = Debug|Any CPU
		{88050C3E-E645-4A09-A4E9-D404F79F7CF2}.Debug|Any CPU.Build.0 = Debug|Any CPU
		{88050C3E-E645-4A09-A4E9-D404F79F7CF2}.Release|Any CPU.ActiveCfg = Release|Any CPU
		{88050C3E-E645-4A09-A4E9-D404F79F7CF2}.Release|Any CPU.Build.0 = Release|Any CPU
		{ADD44AA5-A662-4D69-9B22-1DA4F176D2EF}.Debug|Any CPU.ActiveCfg = Debug|Any CPU
		{ADD44AA5-A662-4D69-9B22-1DA4F176D2EF}.Debug|Any CPU.Build.0 = Debug|Any CPU
		{ADD44AA5-A662-4D69-9B22-1DA4F176D2EF}.Release|Any CPU.ActiveCfg = Release|Any CPU
		{ADD44AA5-A662-4D69-9B22-1DA4F176D2EF}.Release|Any CPU.Build.0 = Release|Any CPU
		{E65CAC31-FE21-4D8C-BF50-A1F7EE0CBB08}.Debug|Any CPU.ActiveCfg = Debug|Any CPU
		{E65CAC31-FE21-4D8C-BF50-A1F7EE0CBB08}.Debug|Any CPU.Build.0 = Debug|Any CPU
		{E65CAC31-FE21-4D8C-BF50-A1F7EE0CBB08}.Release|Any CPU.ActiveCfg = Release|Any CPU
		{E65CAC31-FE21-4D8C-BF50-A1F7EE0CBB08}.Release|Any CPU.Build.0 = Release|Any CPU
	EndGlobalSection
	GlobalSection(SolutionProperties) = preSolution
		HideSolutionNode = FALSE
	EndGlobalSection
	GlobalSection(ExtensibilityGlobals) = postSolution
		SolutionGuid = {6C51A4DE-8895-43B6-948F-93D029F35DFC}
	EndGlobalSection
EndGlobal
